
Microsoft Visual Studio Solution File, Format Version 12.00
# Visual Studio Version 17
VisualStudioVersion = 17.3.32929.385
MinimumVisualStudioVersion = 10.0.40219.1
Project("{FAE04EC0-301F-11D3-BF4B-00C04F79EFBC}") = "perfecgarden1.3", "perfecgarden1.3.csproj", "{F32BF579-7764-4865-A632-D2E778EA9502}"
EndProject
Global
	GlobalSection(SolutionConfigurationPlatforms) = preSolution
		Debug|Any CPU = Debug|Any CPU
		Release|Any CPU = Release|Any CPU
	EndGlobalSection
	GlobalSection(ProjectConfigurationPlatforms) = postSolution
		{F32BF579-7764-4865-A632-D2E778EA9502}.Debug|Any CPU.ActiveCfg = Debug|Any CPU
		{F32BF579-7764-4865-A632-D2E778EA9502}.Debug|Any CPU.Build.0 = Debug|Any CPU
		{F32BF579-7764-4865-A632-D2E778EA9502}.Release|Any CPU.ActiveCfg = Release|Any CPU
		{F32BF579-7764-4865-A632-D2E778EA9502}.Release|Any CPU.Build.0 = Release|Any CPU
	EndGlobalSection
	GlobalSection(SolutionProperties) = preSolution
		HideSolutionNode = FALSE
	EndGlobalSection
	GlobalSection(ExtensibilityGlobals) = postSolution
		SolutionGuid = {CF822E0D-123F-461C-9971-55789AD1D923}
	EndGlobalSection
EndGlobal
